github.com/KyleBanks/depth v1.2.1 h1:5h8fQADFrWtarTdtDudMmGsC7GPbOAu6RVB3ffsVFHc=
github.com/KyleBanks/depth v1.2.1/go.mod h1:jzSb9d0L43HxTQfT+oSA1EEp2q+ne2uh6XgeJcm8brE=
github.com/aws/aws-sdk-go-v2 v1.41.7 h1:DWpAJt66FmnnaRIOT/8ASTucrvuDPZASqhhLey6tLY8=
github.com/aws/aws-sdk-go-v2 v1.41.7/go.mod h1:4LAfZOPHNVNQEckOACQx60Y8pSRjIkNZQz1w92xpMJc=
github.com/aws/aws-sdk-go-v2/config v1.32.18 h1:Hcia46bxhGgF3BaSnG8nSNCWmqTK6bj9xN9/FJ3WK6Q=
github.com/aws/aws-sdk-go-v2/config v1.32.18/go.mod h1:zEjCAYmxqDadH1WX8CdBvmLKhUEUVFgKRQG38zjDmrY=
github.com/aws/aws-sdk-go-v2/credentials v1.19.17 h1:gP2nkGsS+KMvF/jfFz2Vv2qiiOqWKyPACSzPsqHgoW8=
github.com/aws/aws-sdk-go-v2/credentials v1.19.17/go.mod h1:Bsew3S/moG5iT77giPj1q8wb/s0RE5/QfH+ASjYtuQc=
github.com/aws/aws-sdk-go-v2/feature/dynamodb/attributevalue v1.20.40 h1:YgK4pCEvilLOcDTfq43lISOvSQFFnk3CEaU/JcvZd9g=
github.com/aws/aws-sdk-go-v2/feature/dynamodb/attributevalue v1.20.40/go.mod h1:lLByfL+ypa2gqe2+RuOtH+UNCrNP34l3loCHw3IH+Wk=
github.com/aws/aws-sdk-go-v2/feature/ec2/imds v1.18.23 h1:UuSfcORqNSz/ey3VPRS8TcVH2Ikf0/sC+Hdj400QI6U=
github.com/aws/aws-sdk-go-v2/feature/ec2/imds v1.18.23/go.mod h1:+G/OSGiOFnSOkYloKj/9M35s74LgVAdJBSD5lsFfqKg=
github.com/aws/aws-sdk-go-v2/internal/configsources v1.4.23 h1:GpT/TrnBYuE5gan2cZbTtvP+JlHsutdmlV2YfEyNde0=
github.com/aws/aws-sdk-go-v2/internal/configsources v1.4.23/go.mod h1:xYWD6BS9ywC5bS3sz9Xh04whO/hzK2plt2Zkyrp4JuA=
github.com/aws/aws-sdk-go-v2/internal/endpoints/v2 v2.7.23 h1:bpd8vxhlQi2r1hiueOw02f/duEPTMK59Q4QMAoTTtTo=
github.com/aws/aws-sdk-go-v2/internal/endpoints/v2 v2.7.23/go.mod h1:15DfR2nw+CRHIk0tqNyifu3G1YdAOy68RftkhMDDwYk=
github.com/aws/aws-sdk-go-v2/internal/v4a v1.4.24 h1:OQqn11BtaYv1WLUowvcA30MpzIu8Ti4pcLPIIyoKZrA=
github.com/aws/aws-sdk-go-v2/internal/v4a v1.4.24/go.mod h1:X5ZJyfwVrWA96GzPmUCWFQaEARPR7gCrpq2E92PJwAE=
github.com/aws/aws-sdk-go-v2/service/dynamodb v1.57.4 h1:0E3bfw1Va3vfCrmtATvKRnGojY4oIlLl0u0xRDDUgfY=
github.com/aws/aws-sdk-go-v2/service/dynamodb v1.57.4/go.mod h1:dFPU89qDDGgQbXyzQ5ZY6zcjjKPVW+1M63axOw887JE=
github.com/aws/aws-sdk-go-v2/service/dynamodbstreams v1.32.16 h1:nWMRNW3SFeJCdK7OsZ9lmbl1AAEAs8s6w5Gsa3MQqNo=
github.com/aws/aws-sdk-go-v2/service/dynamodbstreams v1.32.16/go.mod h1:IMigEAstzWVC+mYsWLjZB/ZBJBLWON/Fl0zLHxZ18Qk=
github.com/aws/aws-sdk-go-v2/service/internal/accept-encoding v1.13.9 h1:FLudkZLt5ci0ozzgkVo8BJGwvqNaZbTWb3UcucAateA=
github.com/aws/aws-sdk-go-v2/service/internal/accept-encoding v1.13.9/go.mod h1:w7wZ/s9qK7c8g4al+UyoF1Sp/Z45UwMGcqIzLWVQHWk=
github.com/aws/aws-sdk-go-v2/service/internal/endpoint-discovery v1.12.0 h1:iNQlIMVathbcvo6USGjFFO8SgANIBg5hsoIv/QAiYK4=
github.com/aws/aws-sdk-go-v2/service/internal/endpoint-discovery v1.12.0/go.mod h1:3oh+5xGSd1iuxonVb3Qbm+WJYlbhczT9kbzr6doJLzY=
github.com/aws/aws-sdk-go-v2/service/internal/presigned-url v1.13.23 h1:pbrxO/kuIwgEsOPLkaHu0O+m4fNgLU8B3vxQ+72jTPw=
github.com/aws/aws-sdk-go-v2/service/internal/presigned-url v1.13.23/go.mod h1:/CMNUqoj46HpS3MNRDEDIwcgEnrtZlKRaHNaHxIFpNA=
github.com/aws/aws-sdk-go-v2/service/signin v1.0.11 h1:TdJ+HdzOBhU8+iVAOGUTU63VXopcumCOF1paFulHWZc=
github.com/aws/aws-sdk-go-v2/service/signin v1.0.11/go.mod h1:R82ZRExE/nheo0N+T8zHPcLRTcH8MGsnR3BiVGX0TwI=
github.com/aws/aws-sdk-go-v2/service/sqs v1.42.27 h1:QgaWXVmNDxv/U/3UIHfGb7ohvtFgerf/bYcYylj4i8E=
github.com/aws/aws-sdk-go-v2/service/sqs v1.42.27/go.mod h1:8S6ExnLprS0oIeA8ZlHkJUJ0BMpKqnRPws/S0jegTqQ=
github.com/aws/aws-sdk-go-v2/service/sso v1.30.17 h1:7byT8HUWrgoRp6sXjxtZwgOKfhss5fW6SkLBtqzgRoE=
github.com/aws/aws-sdk-go-v2/service/sso v1.30.17/go.mod h1:xNWknVi4Ezm1vg1QsB/5EWpAJURq22uqd38U8qKvOJc=
github.com/aws/aws-sdk-go-v2/service/ssooidc v1.36.0 h1:nDARhv/oF55bcxF7rCI/4PDxOKnVXVWwDuDwCs2I2SQ=
github.com/aws/aws-sdk-go-v2/service/ssooidc v1.36.0/go.mod h1:4vIRDq+CJB2xFAXZ+YgGUTiEft7oAQlhIs71xcSeuVg=
github.com/aws/aws-sdk-go-v2/service/sts v1.42.1 h1:F/M5Y9I3nwr2IEpshZgh1GeHpOItExNM9L1euNuh/fk=
github.com/aws/aws-sdk-go-v2/service/sts v1.42.1/go.mod h1:mTNxImtovCOEEuD65mKW7DCsL+2gjEH+RPEAexAzAio=
github.com/aws/smithy-go v1.25.1 h1:J8ERsGSU7d+aCmdQur5Txg6bVoYelvQJgtZehD12GkI=
github.com/aws/smithy-go v1.25.1/go.mod h1:YE2RhdIuDbA5E5bTdciG9KrW3+TiEONeUWCqxX9i1Fc=
github.com/creack/pty v1.1.9/go.mod h1:oKZEueFk5CKHvIhNR5MUki03XCEU+Q6VDXinZuGJ33E=
github.com/davecgh/go-spew v1.1.0/go.mod h1:J7Y8YcW2NihsgmVo/mv3lAwl/skON4iLHjSsI+c5H38=
github.com/davecgh/go-spew v1.1.1 h1:vj9j/u1bqnvCEfJOwUhtlOARqs3+rkHYY13jYWTU97c=
github.com/davecgh/go-spew v1.1.1/go.mod h1:J7Y8YcW2NihsgmVo/mv3lAwl/skON4iLHjSsI+c5H38=
github.com/go-chi/chi/v5 v5.0.11 h1:BnpYbFZ3T3S1WMpD79r7R5ThWX40TaFB7L31Y8xqSwA=
github.com/go-chi/chi/v5 v5.0.11/go.mod h1:DslCQbL2OYiznFReuXYUmQ2hGd1aDpCnlMNITLSKoi8=
github.com/go-openapi/jsonpointer v0.19.3/go.mod h1:Pl9vOtqEWErmShwVjC8pYs9cog34VGT37dQOVbmoatg=
github.com/go-openapi/jsonpointer v0.19.5 h1:gZr+CIYByUqjcgeLXnQu2gHYQC9o73G2XUeOFYEICuY=
github.com/go-openapi/jsonpointer v0.19.5/go.mod h1:Pl9vOtqEWErmShwVjC8pYs9cog34VGT37dQOVbmoatg=
github.com/go-openapi/jsonreference v0.20.0 h1:MYlu0sBgChmCfJxxUKZ8g1cPWFOB37YSZqewK7OKeyA=
github.com/go-openapi/jsonreference v0.20.0/go.mod h1:Ag74Ico3lPc+zR+qjn4XBUmXymS4zJbYVCZmcgkasdo=
github.com/go-openapi/spec v0.20.6 h1:ich1RQ3WDbfoeTqTAb+5EIxNmpKVJZWBNah9RAT0jIQ=
github.com/go-openapi/spec v0.20.6/go.mod h1:2OpW+JddWPrpXSCIX8eOx7lZ5iyuWj3RYR6VaaBKcWA=
github.com/go-openapi/swag v0.19.5/go.mod h1:POnQmlKehdgb5mhVOsnJFsivZCEZ/vjK9gh66Z9tfKk=
github.com/go-openapi/swag v0.19.15 h1:D2NRCBzS9/pEY3gP9Nl8aDqGUcPFrwG2p+CNFrLyrCM=
github.com/go-openapi/swag v0.19.15/go.mod h1:QYRuS/SOXUCsnplDa677K7+DxSOj6IPNl/eQntq43wQ=
github.com/josharian/intern v1.0.0 h1:vlS4z54oSdjm0bgjRigI+G1HpF+tI+9rE5LLzOg8HmY=
github.com/josharian/intern v1.0.0/go.mod h1:5DoeVV0s6jJacbCEi61lwdGj/aVlrQvzHFFd8Hwg//Y=
github.com/kr/pretty v0.1.0/go.mod h1:dAy3ld7l9f0ibDNOQOHHMYYIIbhfbHSm3C4ZsoJORNo=
github.com/kr/pty v1.1.1/go.mod h1:pFQYn66WHrOpPYNljwOMqo10TkYh1fy3cYio2l3bCsQ=
github.com/kr/text v0.1.0/go.mod h1:4Jbv+DJW3UT/LiOwJeYQe1efqtUx/iVham/4vfdArNI=
github.com/kr/text v0.2.0 h1:5Nx0Ya0ZqY2ygV366QzturHI13Jq95ApcVaJBhpS+AY=
github.com/kr/text v0.2.0/go.mod h1:eLer722TekiGuMkidMxC/pM04lWEeraHUUmBw8l2grE=
github.com/mailru/easyjson v0.0.0-20190614124828-94de47d64c63/go.mod h1:C1wdFJiN94OJF2b5HbByQZoLdCWB1Yqtg26g4irojpc=
github.com/mailru/easyjson v0.0.0-20190626092158-b2ccc519800e/go.mod h1:C1wdFJiN94OJF2b5HbByQZoLdCWB1Yqtg26g4irojpc=
github.com/mailru/easyjson v0.7.6 h1:8yTIVnZgCoiM1TgqoeTl+LfU5Jg6/xL3QhGQnimLYnA=
github.com/mailru/easyjson v0.7.6/go.mod h1:xzfreul335JAWq5oZzymOObrkdz5UnU4kGfJJLY9Nlc=
github.com/niemeyer/pretty v0.0.0-20200227124842-a10e7caefd8e h1:fD57ERR4JtEqsWbfPhv4DMiApHyliiK5xCTNVSPiaAs=
github.com/niemeyer/pretty v0.0.0-20200227124842-a10e7caefd8e/go.mod h1:zD1mROLANZcx1PVRCS0qkT7pwLkGfwJo4zjcN/Tysno=
github.com/pmezard/go-difflib v1.0.0 h1:4DBwDE0NGyQoBHbLQYPwSUPoCMWR5BEzIk/f1lZbAQM=
github.com/pmezard/go-difflib v1.0.0/go.mod h1:iKH77koFhYxTK1pcRnkKkqfTogsbg7gZNVY4sRDYZ/4=
github.com/stretchr/objx v0.1.0/go.mod h1:HFkY916IF+rwdDfMAkV7OtwuqBVzrE8GR6GFx+wExME=
github.com/stretchr/testify v1.3.0/go.mod h1:M5WIy9Dh21IEIfnGCwXGc5bZfKNJtfHm1UVUgZn+9EI=
github.com/stretchr/testify v1.6.1/go.mod h1:6Fq8oRcR53rry900zMqJjRRixrwX3KX962/h/Wwjteg=
github.com/stretchr/testify v1.7.0 h1:nwc3DEeHmmLAfoZucVR881uASk0Mfjw8xYJ99tb5CcY=
github.com/stretchr/testify v1.7.0/go.mod h1:6Fq8oRcR53rry900zMqJjRRixrwX3KX962/h/Wwjteg=
github.com/swaggo/files/v2 v2.0.0 h1:hmAt8Dkynw7Ssz46F6pn8ok6YmGZqHSVLZ+HQM7i0kw=
github.com/swaggo/files/v2 v2.0.0/go.mod h1:24kk2Y9NYEJ5lHuCra6iVwkMjIekMCaFq/0JQj66kyM=
github.com/swaggo/http-swagger/v2 v2.0.2 h1:FKCdLsl+sFCx60KFsyM0rDarwiUSZ8DqbfSyIKC9OBg=
github.com/swaggo/http-swagger/v2 v2.0.2/go.mod h1:r7/GBkAWIfK6E/OLnE8fXnviHiDeAHmgIyooa4xm3AQ=
github.com/swaggo/swag v1.16.4 h1:clWJtd9LStiG3VeijiCfOVODP6VpHtKdQy9ELFG3s1A=
github.com/swaggo/swag v1.16.4/go.mod h1:VBsHJRsDvfYvqoiMKnsdwhNV9LEMHgEDZcyVYX0sxPg=
golang.org/x/mod v0.9.0 h1:KENHtAZL2y3NLMYZeHY9DW8HW8V+kQyJsY/V9JlKvCs=
golang.org/x/mod v0.9.0/go.mod h1:iBbtSCu2XBx23ZKBPSOrRkjjQPZFPuis4dIYUhu/chs=
golang.org/x/sys v0.18.0 h1:DBdB3niSjOA/O0blCZBqDefyWNYveAYMNF1Wum0DYQ4=
golang.org/x/sys v0.18.0/go.mod h1:/VUhepiaJMQUp4+oa/7Zr1D23ma6VTLIYjOOTFZPUcA=
golang.org/x/tools v0.7.0 h1:W4OVu8VVOaIO0yzWMNdepAulS7YfoS3Zabrm8DOXXU4=
golang.org/x/tools v0.7.0/go.mod h1:4pg6aUX35JBAogB10C9AtvVL+qowtN4pT3CGSQex14s=
gopkg.in/check.v1 v0.0.0-20161208181325-20d25e280405/go.mod h1:Co6ibVJAznAaIkqp8huTwlJQCZ016jof/cbN4VW5Yz0=
gopkg.in/check.v1 v1.0.0-20180628173108-788fd7840127/go.mod h1:Co6ibVJAznAaIkqp8huTwlJQCZ016jof/cbN4VW5Yz0=
gopkg.in/check.v1 v1.0.0-20200227125254-8fa46927fb4f h1:BLraFXnmrev5lT+xlilqcH8XK9/i0At2xKjWk4p6zsU=
gopkg.in/check.v1 v1.0.0-20200227125254-8fa46927fb4f/go.mod h1:Co6ibVJAznAaIkqp8huTwlJQCZ016jof/cbN4VW5Yz0=
gopkg.in/yaml.v2 v2.2.2/go.mod h1:hI93XBmqTisBFMUTm0b8Fm+jr3Dg1NNxqwp+5A1VGuI=
gopkg.in/yaml.v2 v2.4.0 h1:D8xgwECY7CYvx+Y2n4sBz93Jn9JRvxdiyyo8CTfuKaY=
gopkg.in/yaml.v2 v2.4.0/go.mod h1:RDklbk79AGWmwhnvt/jBztapEOGDOx6ZbXqjP6csGnQ=
gopkg.in/yaml.v3 v3.0.0-20200313102051-9f266ea9e77c/go.mod h1:K4uyk7z7BCEPqu6E+C64Yfv1cQ7kz7rIZviUmN+EgEM=
gopkg.in/yaml.v3 v3.0.0-20200615113413-eeeca48fe776/go.mod h1:K4uyk7z7BCEPqu6E+C64Yfv1cQ7kz7rIZviUmN+EgEM=
gopkg.in/yaml.v3 v3.0.0 h1:hjy8E9ON/egN1tAYqKb61G10WtihqetD4sz2H+8nIeA=
gopkg.in/yaml.v3 v3.0.0/go.mod h1:K4uyk7z7BCEPqu6E+C64Yfv1cQ7kz7rIZviUmN+EgEM=
